
Microsoft Visual Studio Solution File, Format Version 12.00
# Visual Studio 2013
VisualStudioVersion = 12.0.21005.1
MinimumVisualStudioVersion = 10.0.40219.1
Project("{FAE04EC0-301F-11D3-BF4B-00C04F79EFBC}") = "ScreenCapture", "ScreenCapture\ScreenCapture.csproj", "{64E3FF62-0A50-44E6-96A0-32EAC7CC4FE4}"
	ProjectSection(ProjectDependencies) = postProject
		{55E93B2F-CA9B-416F-B192-4828855F8C41} = {55E93B2F-CA9B-416F-B192-4828855F8C41}
	EndProjectSection
EndProject
Project("{8BC9CEB8-8B4A-11D0-8D11-00A0C91BC942}") = "Recognizer", "Recognizer\Recognizer.vcxproj", "{55E93B2F-CA9B-416F-B192-4828855F8C41}"
EndProject
Global
	GlobalSection(SolutionConfigurationPlatforms) = preSolution
		Debug|Any CPU = Debug|Any CPU
		Debug|Mixed Platforms = Debug|Mixed Platforms
		Debug|Win32 = Debug|Win32
		LIB_DEBUG|Any CPU = LIB_DEBUG|Any CPU
		LIB_DEBUG|Mixed Platforms = LIB_DEBUG|Mixed Platforms
		LIB_DEBUG|Win32 = LIB_DEBUG|Win32
		Release|Any CPU = Release|Any CPU
		Release|Mixed Platforms = Release|Mixed Platforms
		Release|Win32 = Release|Win32
	EndGlobalSection
	GlobalSection(ProjectConfigurationPlatforms) = postSolution
		{64E3FF62-0A50-44E6-96A0-32EAC7CC4FE4}.Debug|Any CPU.ActiveCfg = Debug|Any CPU
		{64E3FF62-0A50-44E6-96A0-32EAC7CC4FE4}.Debug|Any CPU.Build.0 = Debug|Any CPU
		{64E3FF62-0A50-44E6-96A0-32EAC7CC4FE4}.Debug|Mixed Platforms.ActiveCfg = Debug|Any CPU
		{64E3FF62-0A50-44E6-96A0-32EAC7CC4FE4}.Debug|Mixed Platforms.Build.0 = Debug|Any CPU
		{64E3FF62-0A50-44E6-96A0-32EAC7CC4FE4}.Debug|Win32.ActiveCfg = Debug|Any CPU
		{64E3FF62-0A50-44E6-96A0-32EAC7CC4FE4}.LIB_DEBUG|Any CPU.ActiveCfg = LIB_DEBUG|Any CPU
		{64E3FF62-0A50-44E6-96A0-32EAC7CC4FE4}.LIB_DEBUG|Any CPU.Build.0 = LIB_DEBUG|Any CPU
		{64E3FF62-0A50-44E6-96A0-32EAC7CC4FE4}.LIB_DEBUG|Mixed Platforms.ActiveCfg = LIB_DEBUG|Any CPU
		{64E3FF62-0A50-44E6-96A0-32EAC7CC4FE4}.LIB_DEBUG|Mixed Platforms.Build.0 = LIB_DEBUG|Any CPU
		{64E3FF62-0A50-44E6-96A0-32EAC7CC4FE4}.LIB_DEBUG|Win32.ActiveCfg = LIB_DEBUG|Any CPU
		{64E3FF62-0A50-44E6-96A0-32EAC7CC4FE4}.Release|Any CPU.ActiveCfg = Release|Any CPU
		{64E3FF62-0A50-44E6-96A0-32EAC7CC4FE4}.Release|Any CPU.Build.0 = Release|Any CPU
		{64E3FF62-0A50-44E6-96A0-32EAC7CC4FE4}.Release|Mixed Platforms.ActiveCfg = Release|Any CPU
		{64E3FF62-0A50-44E6-96A0-32EAC7CC4FE4}.Release|Mixed Platforms.Build.0 = Release|Any CPU
		{64E3FF62-0A50-44E6-96A0-32EAC7CC4FE4}.Release|Win32.ActiveCfg = Release|Any CPU
		{55E93B2F-CA9B-416F-B192-4828855F8C41}.Debug|Any CPU.ActiveCfg = Debug|Win32
		{55E93B2F-CA9B-416F-B192-4828855F8C41}.Debug|Mixed Platforms.ActiveCfg = Debug|Win32
		{55E93B2F-CA9B-416F-B192-4828855F8C41}.Debug|Mixed Platforms.Build.0 = Debug|Win32
		{55E93B2F-CA9B-416F-B192-4828855F8C41}.Debug|Win32.ActiveCfg = Debug|Win32
		{55E93B2F-CA9B-416F-B192-4828855F8C41}.Debug|Win32.Build.0 = Debug|Win32
		{55E93B2F-CA9B-416F-B192-4828855F8C41}.LIB_DEBUG|Any CPU.ActiveCfg = LIB_DEBUG|Win32
		{55E93B2F-CA9B-416F-B192-4828855F8C41}.LIB_DEBUG|Mixed Platforms.ActiveCfg = Debug|Win32
		{55E93B2F-CA9B-416F-B192-4828855F8C41}.LIB_DEBUG|Mixed Platforms.Build.0 = Debug|Win32
		{55E93B2F-CA9B-416F-B192-4828855F8C41}.LIB_DEBUG|Win32.ActiveCfg = LIB_DEBUG|Win32
		{55E93B2F-CA9B-416F-B192-4828855F8C41}.LIB_DEBUG|Win32.Build.0 = LIB_DEBUG|Win32
		{55E93B2F-CA9B-416F-B192-4828855F8C41}.Release|Any CPU.ActiveCfg = Release|Win32
		{55E93B2F-CA9B-416F-B192-4828855F8C41}.Release|Mixed Platforms.ActiveCfg = Release|Win32
		{55E93B2F-CA9B-416F-B192-4828855F8C41}.Release|Mixed Platforms.Build.0 = Release|Win32
		{55E93B2F-CA9B-416F-B192-4828855F8C41}.Release|Win32.ActiveCfg = Release|Win32
		{55E93B2F-CA9B-416F-B192-4828855F8C41}.Release|Win32.Build.0 = Release|Win32
	EndGlobalSection
	GlobalSection(SolutionProperties) = preSolution
		HideSolutionNode = FALSE
	EndGlobalSection
EndGlobal
